
Microsoft Visual Studio Solution File, Format Version 12.00
# Visual Studio Version 16
VisualStudioVersion = 16.0.29215.179
MinimumVisualStudioVersion = 10.0.40219.1
Project("{2150E333-8FDC-42A3-9474-1A3956D46DE8}") = "src", "src", "{1E8F265D-26B7-4439-984F-19E7DDFF1D40}"
EndProject
Project("{2150E333-8FDC-42A3-9474-1A3956D46DE8}") = "tests", "tests", "{B467FEE4-DCB8-44C3-9A22-BB187BF01377}"
EndProject
Project("{FAE04EC0-301F-11D3-BF4B-00C04F79EFBC}") = "PlumsailWeb", "src\PlumsailWeb\PlumsailWeb.csproj", "{BF316D47-9986-4E19-A851-CA754EC0554C}"
EndProject
Global
	GlobalSection(SolutionConfigurationPlatforms) = preSolution
		Debug|Any CPU = Debug|Any CPU
		Release|Any CPU = Release|Any CPU
	EndGlobalSection
	GlobalSection(ProjectConfigurationPlatforms) = postSolution
		{BF316D47-9986-4E19-A851-CA754EC0554C}.Debug|Any CPU.ActiveCfg = Debug|Any CPU
		{BF316D47-9986-4E19-A851-CA754EC0554C}.Debug|Any CPU.Build.0 = Debug|Any CPU
		{BF316D47-9986-4E19-A851-CA754EC0554C}.Release|Any CPU.ActiveCfg = Release|Any CPU
		{BF316D47-9986-4E19-A851-CA754EC0554C}.Release|Any CPU.Build.0 = Release|Any CPU
	EndGlobalSection
	GlobalSection(SolutionProperties) = preSolution
		HideSolutionNode = FALSE
	EndGlobalSection
	GlobalSection(NestedProjects) = preSolution
		{BF316D47-9986-4E19-A851-CA754EC0554C} = {1E8F265D-26B7-4439-984F-19E7DDFF1D40}
	EndGlobalSection
	GlobalSection(ExtensibilityGlobals) = postSolution
		SolutionGuid = {C83DA181-ABEC-4AF6-B346-946093964443}
	EndGlobalSection
EndGlobal
